
Microsoft Visual Studio Solution File, Format Version 12.00
# Visual Studio Version 16
VisualStudioVersion = 16.0.30717.126
MinimumVisualStudioVersion = 10.0.40219.1
Project("{9A19103F-16F7-4668-BE54-9A1E7A4F7556}") = "AdventOfCode.Classes", "AdventOfCode.Classes\AdventOfCode.Classes.csproj", "{668DE90E-5759-40C2-9526-64762AAF335F}"
EndProject
Project("{9A19103F-16F7-4668-BE54-9A1E7A4F7556}") = "AdventOfCode.Day1", "AdventOfCode.Day1\AdventOfCode.Day1.csproj", "{10C9B1A0-86A4-4EBF-8D31-F17B916C8702}"
EndProject
Project("{9A19103F-16F7-4668-BE54-9A1E7A4F7556}") = "AdventOfCode.Day3", "AdventOfCode.Day3\AdventOfCode.Day3.csproj", "{95DAA3D5-FD86-4815-8454-64828C39B6FB}"
EndProject
Project("{2150E333-8FDC-42A3-9474-1A3956D46DE8}") = "Solution Items", "Solution Items", "{0598BC25-4ED3-4405-8BB2-59B68D7EEA06}"
	ProjectSection(SolutionItems) = preProject
		NewDayTemplate\AdventOfCode.Day.zip = NewDayTemplate\AdventOfCode.Day.zip
	EndProjectSection
EndProject
Project("{9A19103F-16F7-4668-BE54-9A1E7A4F7556}") = "AdventOfCode.Day2", "AdventOfCode.Day2\AdventOfCode.Day2.csproj", "{CA6091B9-D9D5-4179-B162-BB7F9B0AA473}"
EndProject
Project("{9A19103F-16F7-4668-BE54-9A1E7A4F7556}") = "AdventOfCode.Day5", "AdventOfCode.Day5\AdventOfCode.Day5.csproj", "{DD4F2233-4888-4A68-8E3F-707861A293E8}"
EndProject
Project("{9A19103F-16F7-4668-BE54-9A1E7A4F7556}") = "AdventOfCode.Day4", "AdventOfCode.Day4\AdventOfCode.Day4.csproj", "{A262F042-E2A2-4696-AF5A-6E991678C497}"
EndProject
Project("{9A19103F-16F7-4668-BE54-9A1E7A4F7556}") = "AdventOfCode.Day6", "AdventOfCode.Day6\AdventOfCode.Day6.csproj", "{E984A509-EB21-4484-A23C-B0ADE1AED2EE}"
EndProject
Project("{9A19103F-16F7-4668-BE54-9A1E7A4F7556}") = "AdventOfCode.Day7", "AdventOfCode.Day7\AdventOfCode.Day7.csproj", "{15771BB1-DF15-4D4B-9216-56132BC88436}"
EndProject
Project("{9A19103F-16F7-4668-BE54-9A1E7A4F7556}") = "AdventOfCode.Day8", "AdventOfCode.Day8\AdventOfCode.Day8.csproj", "{63A53280-8965-4407-8AAA-0F885C5937DC}"
EndProject
Project("{9A19103F-16F7-4668-BE54-9A1E7A4F7556}") = "AdventOfCode.Day9", "AdventOfCode.Day9\AdventOfCode.Day9.csproj", "{BB2208FB-A480-456D-ADEF-E01D1A282396}"
EndProject
Project("{FAE04EC0-301F-11D3-BF4B-00C04F79EFBC}") = "AdventOfCode.Day10", "AdventOfCode.Day10\AdventOfCode.Day10.csproj", "{B5CC6877-A17B-4E33-A619-B7A20C92A603}"
EndProject
Global
	GlobalSection(SolutionConfigurationPlatforms) = preSolution
		Debug|Any CPU = Debug|Any CPU
		Release|Any CPU = Release|Any CPU
	EndGlobalSection
	GlobalSection(ProjectConfigurationPlatforms) = postSolution
		{668DE90E-5759-40C2-9526-64762AAF335F}.Debug|Any CPU.ActiveCfg = Debug|Any CPU
		{668DE90E-5759-40C2-9526-64762AAF335F}.Debug|Any CPU.Build.0 = Debug|Any CPU
		{668DE90E-5759-40C2-9526-64762AAF335F}.Release|Any CPU.ActiveCfg = Release|Any CPU
		{668DE90E-5759-40C2-9526-64762AAF335F}.Release|Any CPU.Build.0 = Release|Any CPU
		{10C9B1A0-86A4-4EBF-8D31-F17B916C8702}.Debug|Any CPU.ActiveCfg = Debug|Any CPU
		{10C9B1A0-86A4-4EBF-8D31-F17B916C8702}.Debug|Any CPU.Build.0 = Debug|Any CPU
		{10C9B1A0-86A4-4EBF-8D31-F17B916C8702}.Release|Any CPU.ActiveCfg = Release|Any CPU
		{10C9B1A0-86A4-4EBF-8D31-F17B916C8702}.Release|Any CPU.Build.0 = Release|Any CPU
		{95DAA3D5-FD86-4815-8454-64828C39B6FB}.Debug|Any CPU.ActiveCfg = Debug|Any CPU
		{95DAA3D5-FD86-4815-8454-64828C39B6FB}.Debug|Any CPU.Build.0 = Debug|Any CPU
		{95DAA3D5-FD86-4815-8454-64828C39B6FB}.Release|Any CPU.ActiveCfg = Release|Any CPU
		{95DAA3D5-FD86-4815-8454-64828C39B6FB}.Release|Any CPU.Build.0 = Release|Any CPU
		{CA6091B9-D9D5-4179-B162-BB7F9B0AA473}.Debug|Any CPU.ActiveCfg = Debug|Any CPU
		{CA6091B9-D9D5-4179-B162-BB7F9B0AA473}.Debug|Any CPU.Build.0 = Debug|Any CPU
		{CA6091B9-D9D5-4179-B162-BB7F9B0AA473}.Release|Any CPU.ActiveCfg = Release|Any CPU
		{CA6091B9-D9D5-4179-B162-BB7F9B0AA473}.Release|Any CPU.Build.0 = Release|Any CPU
		{DD4F2233-4888-4A68-8E3F-707861A293E8}.Debug|Any CPU.ActiveCfg = Debug|Any CPU
		{DD4F2233-4888-4A68-8E3F-707861A293E8}.Debug|Any CPU.Build.0 = Debug|Any CPU
		{DD4F2233-4888-4A68-8E3F-707861A293E8}.Release|Any CPU.ActiveCfg = Release|Any CPU
		{DD4F2233-4888-4A68-8E3F-707861A293E8}.Release|Any CPU.Build.0 = Release|Any CPU
		{A262F042-E2A2-4696-AF5A-6E991678C497}.Debug|Any CPU.ActiveCfg = Debug|Any CPU
		{A262F042-E2A2-4696-AF5A-6E991678C497}.Debug|Any CPU.Build.0 = Debug|Any CPU
		{A262F042-E2A2-4696-AF5A-6E991678C497}.Release|Any CPU.ActiveCfg = Release|Any CPU
		{A262F042-E2A2-4696-AF5A-6E991678C497}.Release|Any CPU.Build.0 = Release|Any CPU
		{E984A509-EB21-4484-A23C-B0ADE1AED2EE}.Debug|Any CPU.ActiveCfg = Debug|Any CPU
		{E984A509-EB21-4484-A23C-B0ADE1AED2EE}.Debug|Any CPU.Build.0 = Debug|Any CPU
		{E984A509-EB21-4484-A23C-B0ADE1AED2EE}.Release|Any CPU.ActiveCfg = Release|Any CPU
		{E984A509-EB21-4484-A23C-B0ADE1AED2EE}.Release|Any CPU.Build.0 = Release|Any CPU
		{15771BB1-DF15-4D4B-9216-56132BC88436}.Debug|Any CPU.ActiveCfg = Debug|Any CPU
		{15771BB1-DF15-4D4B-9216-56132BC88436}.Debug|Any CPU.Build.0 = Debug|Any CPU
		{15771BB1-DF15-4D4B-9216-56132BC88436}.Release|Any CPU.ActiveCfg = Release|Any CPU
		{15771BB1-DF15-4D4B-9216-56132BC88436}.Release|Any CPU.Build.0 = Release|Any CPU
		{63A53280-8965-4407-8AAA-0F885C5937DC}.Debug|Any CPU.ActiveCfg = Debug|Any CPU
		{63A53280-8965-4407-8AAA-0F885C5937DC}.Debug|Any CPU.Build.0 = Debug|Any CPU
		{63A53280-8965-4407-8AAA-0F885C5937DC}.Release|Any CPU.ActiveCfg = Release|Any CPU
		{63A53280-8965-4407-8AAA-0F885C5937DC}.Release|Any CPU.Build.0 = Release|Any CPU
		{BB2208FB-A480-456D-ADEF-E01D1A282396}.Debug|Any CPU.ActiveCfg = Debug|Any CPU
		{BB2208FB-A480-456D-ADEF-E01D1A282396}.Debug|Any CPU.Build.0 = Debug|Any CPU
		{BB2208FB-A480-456D-ADEF-E01D1A282396}.Release|Any CPU.ActiveCfg = Release|Any CPU
		{BB2208FB-A480-456D-ADEF-E01D1A282396}.Release|Any CPU.Build.0 = Release|Any CPU
		{B5CC6877-A17B-4E33-A619-B7A20C92A603}.Debug|Any CPU.ActiveCfg = Debug|Any CPU
		{B5CC6877-A17B-4E33-A619-B7A20C92A603}.Debug|Any CPU.Build.0 = Debug|Any CPU
		{B5CC6877-A17B-4E33-A619-B7A20C92A603}.Release|Any CPU.ActiveCfg = Release|Any CPU
		{B5CC6877-A17B-4E33-A619-B7A20C92A603}.Release|Any CPU.Build.0 = Release|Any CPU
	EndGlobalSection
	GlobalSection(SolutionProperties) = preSolution
		HideSolutionNode = FALSE
	EndGlobalSection
	GlobalSection(ExtensibilityGlobals) = postSolution
		SolutionGuid = {B485F71D-79A0-4AC8-A26B-24A2564A92A8}
	EndGlobalSection
EndGlobal
